// !$*UTF8*$!
{
	archiveVersion = 1;
	classes = {
	};
	objectVersion = 55;
	objects = {

/* Begin PBXBuildFile section */
		589B22552812C7410082F8D6 /* cleaningServicesAppApp.swift in Sources */ = {isa = PBXBuildFile; fileRef = 589B22542812C7410082F8D6 /* cleaningServicesAppApp.swift */; };
		589B22572812C7410082F8D6 /* ContentView.swift in Sources */ = {isa = PBXBuildFile; fileRef = 589B22562812C7410082F8D6 /* ContentView.swift */; };
		589B22592812C7450082F8D6 /* Assets.xcassets in Resources */ = {isa = PBXBuildFile; fileRef = 589B22582812C7450082F8D6 /* Assets.xcassets */; };
		589B225C2812C7450082F8D6 /* Preview Assets.xcassets in Resources */ = {isa = PBXBuildFile; fileRef = 589B225B2812C7450082F8D6 /* Preview Assets.xcassets */; };
		589B22662812C7460082F8D6 /* cleaningServicesAppTests.swift in Sources */ = {isa = PBXBuildFile; fileRef = 589B22652812C7460082F8D6 /* cleaningServicesAppTests.swift */; };
		589B22702812C7460082F8D6 /* cleaningServicesAppUITests.swift in Sources */ = {isa = PBXBuildFile; fileRef = 589B226F2812C7460082F8D6 /* cleaningServicesAppUITests.swift */; };
		589B22722812C7460082F8D6 /* cleaningServicesAppUITestsLaunchTests.swift in Sources */ = {isa = PBXBuildFile; fileRef = 589B22712812C7460082F8D6 /* cleaningServicesAppUITestsLaunchTests.swift */; };
/* End PBXBuildFile section */

/* Begin PBXContainerItemProxy section */
		589B22622812C7460082F8D6 /* PBXContainerItemProxy */ = {
			isa = PBXContainerItemProxy;
			containerPortal = 589B22492812C7410082F8D6 /* Project object */;
			proxyType = 1;
			remoteGlobalIDString = 589B22502812C7410082F8D6;
			remoteInfo = cleaningServicesApp;
		};
		589B226C2812C7460082F8D6 /* PBXContainerItemProxy */ = {
			isa = PBXContainerItemProxy;
			containerPortal = 589B22492812C7410082F8D6 /* Project object */;
			proxyType = 1;
			remoteGlobalIDString = 589B22502812C7410082F8D6;
			remoteInfo = cleaningServicesApp;
		};
/* End PBXContainerItemProxy section */

/* Begin PBXFileReference section */
		589B22512812C7410082F8D6 /* cleaningServicesApp.app */ = {isa = PBXFileReference; explicitFileType = wrapper.application; includeInIndex = 0; path = cleaningServicesApp.app; sourceTree = BUILT_PRODUCTS_DIR; };
		589B22542812C7410082F8D6 /* cleaningServicesAppApp.swift */ = {isa = PBXFileReference; lastKnownFileType = sourcecode.swift; path = cleaningServicesAppApp.swift; sourceTree = "<group>"; };
		589B22562812C7410082F8D6 /* ContentView.swift */ = {isa = PBXFileReference; lastKnownFileType = sourcecode.swift; path = ContentView.swift; sourceTree = "<group>"; };
		589B22582812C7450082F8D6 /* Assets.xcassets */ = {isa = PBXFileReference; lastKnownFileType = folder.assetcatalog; path = Assets.xcassets; sourceTree = "<group>"; };
		589B225B2812C7450082F8D6 /* Preview Assets.xcassets */ = {isa = PBXFileReference; lastKnownFileType = folder.assetcatalog; path = "Preview Assets.xcassets"; sourceTree = "<group>"; };
		589B22612812C7460082F8D6 /* cleaningServicesAppTests.xctest */ = {isa = PBXFileReference; explicitFileType = wrapper.cfbundle; includeInIndex = 0; path = cleaningServicesAppTests.xctest; sourceTree = BUILT_PRODUCTS_DIR; };
		589B22652812C7460082F8D6 /* cleaningServicesAppTests.swift */ = {isa = PBXFileReference; lastKnownFileType = sourcecode.swift; path = cleaningServicesAppTests.swift; sourceTree = "<group>"; };
		589B226B2812C7460082F8D6 /* cleaningServicesAppUITests.xctest */ = {isa = PBXFileReference; explicitFileType = wrapper.cfbundle; includeInIndex = 0; path = cleaningServicesAppUITests.xctest; sourceTree = BUILT_PRODUCTS_DIR; };
		589B226F2812C7460082F8D6 /* cleaningServicesAppUITests.swift */ = {isa = PBXFileReference; lastKnownFileType = sourcecode.swift; path = cleaningServicesAppUITests.swift; sourceTree = "<group>"; };
		589B22712812C7460082F8D6 /* cleaningServicesAppUITestsLaunchTests.swift */ = {isa = PBXFileReference; lastKnownFileType = sourcecode.swift; path = cleaningServicesAppUITestsLaunchTests.swift; sourceTree = "<group>"; };
/* End PBXFileReference section */

/* Begin PBXFrameworksBuildPhase section */
		589B224E2812C7410082F8D6 /* Frameworks */ = {
			isa = PBXFrameworksBuildPhase;
			buildActionMask = 2147483647;
			files = (
			);
			runOnlyForDeploymentPostprocessing = 0;
		};
		589B225E2812C7460082F8D6 /* Frameworks */ = {
			isa = PBXFrameworksBuildPhase;
			buildActionMask = 2147483647;
			files = (
			);
			runOnlyForDeploymentPostprocessing = 0;
		};
		589B22682812C7460082F8D6 /* Frameworks */ = {
			isa = PBXFrameworksBuildPhase;
			buildActionMask = 2147483647;
			files = (
			);
			runOnlyForDeploymentPostprocessing = 0;
		};
/* End PBXFrameworksBuildPhase section */

/* Begin PBXGroup section */
		589B22482812C7410082F8D6 = {
			isa = PBXGroup;
			children = (
				589B22532812C7410082F8D6 /* cleaningServicesApp */,
				589B22642812C7460082F8D6 /* cleaningServicesAppTests */,
				589B226E2812C7460082F8D6 /* cleaningServicesAppUITests */,
				589B22522812C7410082F8D6 /* Products */,
			);
			sourceTree = "<group>";
		};
		589B22522812C7410082F8D6 /* Products */ = {
			isa = PBXGroup;
			children = (
				589B22512812C7410082F8D6 /* cleaningServicesApp.app */,
				589B22612812C7460082F8D6 /* cleaningServicesAppTests.xctest */,
				589B226B2812C7460082F8D6 /* cleaningServicesAppUITests.xctest */,
			);
			name = Products;
			sourceTree = "<group>";
		};
		589B22532812C7410082F8D6 /* cleaningServicesApp */ = {
			isa = PBXGroup;
			children = (
				589B22542812C7410082F8D6 /* cleaningServicesAppApp.swift */,
				589B22562812C7410082F8D6 /* ContentView.swift */,
				589B22582812C7450082F8D6 /* Assets.xcassets */,
				589B225A2812C7450082F8D6 /* Preview Content */,
			);
			path = cleaningServicesApp;
			sourceTree = "<group>";
		};
		589B225A2812C7450082F8D6 /* Preview Content */ = {
			isa = PBXGroup;
			children = (
				589B225B2812C7450082F8D6 /* Preview Assets.xcassets */,
			);
			path = "Preview Content";
			sourceTree = "<group>";
		};
		589B22642812C7460082F8D6 /* cleaningServicesAppTests */ = {
			isa = PBXGroup;
			children = (
				589B22652812C7460082F8D6 /* cleaningServicesAppTests.swift */,
			);
			path = cleaningServicesAppTests;
			sourceTree = "<group>";
		};
		589B226E2812C7460082F8D6 /* cleaningServicesAppUITests */ = {
			isa = PBXGroup;
			children = (
				589B226F2812C7460082F8D6 /* cleaningServicesAppUITests.swift */,
				589B22712812C7460082F8D6 /* cleaningServicesAppUITestsLaunchTests.swift */,
			);
			path = cleaningServicesAppUITests;
			sourceTree = "<group>";
		};
/* End PBXGroup section */

/* Begin PBXNativeTarget section */
		589B22502812C7410082F8D6 /* cleaningServicesApp */ = {
			isa = PBXNativeTarget;
			buildConfigurationList = 589B22752812C7460082F8D6 /* Build configuration list for PBXNativeTarget "cleaningServicesApp" */;
			buildPhases = (
				589B224D2812C7410082F8D6 /* Sources */,
				589B224E2812C7410082F8D6 /* Frameworks */,
				589B224F2812C7410082F8D6 /* Resources */,
			);
			buildRules = (
			);
			dependencies = (
			);
			name = cleaningServicesApp;
			productName = cleaningServicesApp;
			productReference = 589B22512812C7410082F8D6 /* cleaningServicesApp.app */;
			productType = "com.apple.product-type.application";
		};
		589B22602812C7460082F8D6 /* cleaningServicesAppTests */ = {
			isa = PBXNativeTarget;
			buildConfigurationList = 589B22782812C7460082F8D6 /* Build configuration list for PBXNativeTarget "cleaningServicesAppTests" */;
			buildPhases = (
				589B225D2812C7460082F8D6 /* Sources */,
				589B225E2812C7460082F8D6 /* Frameworks */,
				589B225F2812C7460082F8D6 /* Resources */,
			);
			buildRules = (
			);
			dependencies = (
				589B22632812C7460082F8D6 /* PBXTargetDependency */,
			);
			name = cleaningServicesAppTests;
			productName = cleaningServicesAppTests;
			productReference = 589B22612812C7460082F8D6 /* cleaningServicesAppTests.xctest */;
			productType = "com.apple.product-type.bundle.unit-test";
		};
		589B226A2812C7460082F8D6 /* cleaningServicesAppUITests */ = {
			isa = PBXNativeTarget;
			buildConfigurationList = 589B227B2812C7460082F8D6 /* Build configuration list for PBXNativeTarget "cleaningServicesAppUITests" */;
			buildPhases = (
				589B22672812C7460082F8D6 /* Sources */,
				589B22682812C7460082F8D6 /* Frameworks */,
				589B22692812C7460082F8D6 /* Resources */,
			);
			buildRules = (
			);
			dependencies = (
				589B226D2812C7460082F8D6 /* PBXTargetDependency */,
			);
			name = cleaningServicesAppUITests;
			productName = cleaningServicesAppUITests;
			productReference = 589B226B2812C7460082F8D6 /* cleaningServicesAppUITests.xctest */;
			productType = "com.apple.product-type.bundle.ui-testing";
		};
/* End PBXNativeTarget section */

/* Begin PBXProject section */
		589B22492812C7410082F8D6 /* Project object */ = {
			isa = PBXProject;
			attributes = {
				BuildIndependentTargetsInParallel = 1;
				LastSwiftUpdateCheck = 1330;
				LastUpgradeCheck = 1330;
				TargetAttributes = {
					589B22502812C7410082F8D6 = {
						CreatedOnToolsVersion = 13.3.1;
					};
					589B22602812C7460082F8D6 = {
						CreatedOnToolsVersion = 13.3.1;
						TestTargetID = 589B22502812C7410082F8D6;
					};
					589B226A2812C7460082F8D6 = {
						CreatedOnToolsVersion = 13.3.1;
						TestTargetID = 589B22502812C7410082F8D6;
					};
				};
			};
			buildConfigurationList = 589B224C2812C7410082F8D6 /* Build configuration list for PBXProject "cleaningServicesApp" */;
			compatibilityVersion = "Xcode 13.0";
			developmentRegion = en;
			hasScannedForEncodings = 0;
			knownRegions = (
				en,
				Base,
			);
			mainGroup = 589B22482812C7410082F8D6;
			productRefGroup = 589B22522812C7410082F8D6 /* Products */;
			projectDirPath = "";
			projectRoot = "";
			targets = (
				589B22502812C7410082F8D6 /* cleaningServicesApp */,
				589B22602812C7460082F8D6 /* cleaningServicesAppTests */,
				589B226A2812C7460082F8D6 /* cleaningServicesAppUITests */,
			);
		};
/* End PBXProject section */

/* Begin PBXResourcesBuildPhase section */
		589B224F2812C7410082F8D6 /* Resources */ = {
			isa = PBXResourcesBuildPhase;
			buildActionMask = 2147483647;
			files = (
				589B225C2812C7450082F8D6 /* Preview Assets.xcassets in Resources */,
				589B22592812C7450082F8D6 /* Assets.xcassets in Resources */,
			);
			runOnlyForDeploymentPostprocessing = 0;
		};
		589B225F2812C7460082F8D6 /* Resources */ = {
			isa = PBXResourcesBuildPhase;
			buildActionMask = 2147483647;
			files = (
			);
			runOnlyForDeploymentPostprocessing = 0;
		};
		589B22692812C7460082F8D6 /* Resources */ = {
			isa = PBXResourcesBuildPhase;
			buildActionMask = 2147483647;
			files = (
			);
			runOnlyForDeploymentPostprocessing = 0;
		};
/* End PBXResourcesBuildPhase section */

/* Begin PBXSourcesBuildPhase section */
		589B224D2812C7410082F8D6 /* Sources */ = {
			isa = PBXSourcesBuildPhase;
			buildActionMask = 2147483647;
			files = (
				589B22572812C7410082F8D6 /* ContentView.swift in Sources */,
				589B22552812C7410082F8D6 /* cleaningServicesAppApp.swift in Sources */,
			);
			runOnlyForDeploymentPostprocessing = 0;
		};
		589B225D2812C7460082F8D6 /* Sources */ = {
			isa = PBXSourcesBuildPhase;
			buildActionMask = 2147483647;
			files = (
				589B22662812C7460082F8D6 /* cleaningServicesAppTests.swift in Sources */,
			);
			runOnlyForDeploymentPostprocessing = 0;
		};
		589B22672812C7460082F8D6 /* Sources */ = {
			isa = PBXSourcesBuildPhase;
			buildActionMask = 2147483647;
			files = (
				589B22702812C7460082F8D6 /* cleaningServicesAppUITests.swift in Sources */,
				589B22722812C7460082F8D6 /* cleaningServicesAppUITestsLaunchTests.swift in Sources */,
			);
			runOnlyForDeploymentPostprocessing = 0;
		};
/* End PBXSourcesBuildPhase section */

/* Begin PBXTargetDependency section */
		589B22632812C7460082F8D6 /* PBXTargetDependency */ = {
			isa = PBXTargetDependency;
			target = 589B22502812C7410082F8D6 /* cleaningServicesApp */;
			targetProxy = 589B22622812C7460082F8D6 /* PBXContainerItemProxy */;
		};
		589B226D2812C7460082F8D6 /* PBXTargetDependency */ = {
			isa = PBXTargetDependency;
			target = 589B22502812C7410082F8D6 /* cleaningServicesApp */;
			targetProxy = 589B226C2812C7460082F8D6 /* PBXContainerItemProxy */;
		};
/* End PBXTargetDependency section */

/* Begin XCBuildConfiguration section */
		589B22732812C7460082F8D6 /* Debug */ = {
			isa = XCBuildConfiguration;
			buildSettings = {
				ALWAYS_SEARCH_USER_PATHS = NO;
				CLANG_ANALYZER_NONNULL = YES;
				CLANG_ANALYZER_NUMBER_OBJECT_CONVERSION = YES_AGGRESSIVE;
				CLANG_CXX_LANGUAGE_STANDARD = "gnu++17";
				CLANG_ENABLE_MODULES = YES;
				CLANG_ENABLE_OBJC_ARC = YES;
				CLANG_ENABLE_OBJC_WEAK = YES;
				CLANG_WARN_BLOCK_CAPTURE_AUTORELEASING = YES;
				CLANG_WARN_BOOL_CONVERSION = YES;
				CLANG_WARN_COMMA = YES;
				CLANG_WARN_CONSTANT_CONVERSION = YES;
				CLANG_WARN_DEPRECATED_OBJC_IMPLEMENTATIONS = YES;
				CLANG_WARN_DIRECT_OBJC_ISA_USAGE = YES_ERROR;
				CLANG_WARN_DOCUMENTATION_COMMENTS = YES;
				CLANG_WARN_EMPTY_BODY = YES;
				CLANG_WARN_ENUM_CONVERSION = YES;
				CLANG_WARN_INFINITE_RECURSION = YES;
				CLANG_WARN_INT_CONVERSION = YES;
				CLANG_WARN_NON_LITERAL_NULL_CONVERSION = YES;
				CLANG_WARN_OBJC_IMPLICIT_RETAIN_SELF = YES;
				CLANG_WARN_OBJC_LITERAL_CONVERSION = YES;
				CLANG_WARN_OBJC_ROOT_CLASS = YES_ERROR;
				CLANG_WARN_QUOTED_INCLUDE_IN_FRAMEWORK_HEADER = YES;
				CLANG_WARN_RANGE_LOOP_ANALYSIS = YES;
				CLANG_WARN_STRICT_PROTOTYPES = YES;
				CLANG_WARN_SUSPICIOUS_MOVE = YES;
				CLANG_WARN_UNGUARDED_AVAILABILITY = YES_AGGRESSIVE;
				CLANG_WARN_UNREACHABLE_CODE = YES;
				CLANG_WARN__DUPLICATE_METHOD_MATCH = YES;
				COPY_PHASE_STRIP = NO;
				DEBUG_INFORMATION_FORMAT = dwarf;
				ENABLE_STRICT_OBJC_MSGSEND = YES;
				ENABLE_TESTABILITY = YES;
				GCC_C_LANGUAGE_STANDARD = gnu11;
				GCC_DYNAMIC_NO_PIC = NO;
				GCC_NO_COMMON_BLOCKS = YES;
				GCC_OPTIMIZATION_LEVEL = 0;
				GCC_PREPROCESSOR_DEFINITIONS = (
					"DEBUG=1",
					"$(inherited)",
				);
				GCC_WARN_64_TO_32_BIT_CONVERSION = YES;
				GCC_WARN_ABOUT_RETURN_TYPE = YES_ERROR;
				GCC_WARN_UNDECLARED_SELECTOR = YES;
				GCC_WARN_UNINITIALIZED_AUTOS = YES_AGGRESSIVE;
				GCC_WARN_UNUSED_FUNCTION = YES;
				GCC_WARN_UNUSED_VARIABLE = YES;
				IPHONEOS_DEPLOYMENT_TARGET = 15.4;
				MTL_ENABLE_DEBUG_INFO = INCLUDE_SOURCE;
				MTL_FAST_MATH = YES;
				ONLY_ACTIVE_ARCH = YES;
				SDKROOT = iphoneos;
				SWIFT_ACTIVE_COMPILATION_CONDITIONS = DEBUG;
				SWIFT_OPTIMIZATION_LEVEL = "-Onone";
			};
			name = Debug;
		};
		589B22742812C7460082F8D6 /* Release */ = {
			isa = XCBuildConfiguration;
			buildSettings = {
				ALWAYS_SEARCH_USER_PATHS = NO;
				CLANG_ANALYZER_NONNULL = YES;
				CLANG_ANALYZER_NUMBER_OBJECT_CONVERSION = YES_AGGRESSIVE;
				CLANG_CXX_LANGUAGE_STANDARD = "gnu++17";
				CLANG_ENABLE_MODULES = YES;
				CLANG_ENABLE_OBJC_ARC = YES;
				CLANG_ENABLE_OBJC_WEAK = YES;
				CLANG_WARN_BLOCK_CAPTURE_AUTORELEASING = YES;
				CLANG_WARN_BOOL_CONVERSION = YES;
				CLANG_WARN_COMMA = YES;
				CLANG_WARN_CONSTANT_CONVERSION = YES;
				CLANG_WARN_DEPRECATED_OBJC_IMPLEMENTATIONS = YES;
				CLANG_WARN_DIRECT_OBJC_ISA_USAGE = YES_ERROR;
				CLANG_WARN_DOCUMENTATION_COMMENTS = YES;
				CLANG_WARN_EMPTY_BODY = YES;
				CLANG_WARN_ENUM_CONVERSION = YES;
				CLANG_WARN_INFINITE_RECURSION = YES;
				CLANG_WARN_INT_CONVERSION = YES;
				CLANG_WARN_NON_LITERAL_NULL_CONVERSION = YES;
				CLANG_WARN_OBJC_IMPLICIT_RETAIN_SELF = YES;
				CLANG_WARN_OBJC_LITERAL_CONVERSION = YES;
				CLANG_WARN_OBJC_ROOT_CLASS = YES_ERROR;
				CLANG_WARN_QUOTED_INCLUDE_IN_FRAMEWORK_HEADER = YES;
				CLANG_WARN_RANGE_LOOP_ANALYSIS = YES;
				CLANG_WARN_STRICT_PROTOTYPES = YES;
				CLANG_WARN_SUSPICIOUS_MOVE = YES;
				CLANG_WARN_UNGUARDED_AVAILABILITY = YES_AGGRESSIVE;
				CLANG_WARN_UNREACHABLE_CODE = YES;
				CLANG_WARN__DUPLICATE_METHOD_MATCH = YES;
				COPY_PHASE_STRIP = NO;
				DEBUG_INFORMATION_FORMAT = "dwarf-with-dsym";
				ENABLE_NS_ASSERTIONS = NO;
				ENABLE_STRICT_OBJC_MSGSEND = YES;
				GCC_C_LANGUAGE_STANDARD = gnu11;
				GCC_NO_COMMON_BLOCKS = YES;
				GCC_WARN_64_TO_32_BIT_CONVERSION = YES;
				GCC_WARN_ABOUT_RETURN_TYPE = YES_ERROR;
				GCC_WARN_UNDECLARED_SELECTOR = YES;
				GCC_WARN_UNINITIALIZED_AUTOS = YES_AGGRESSIVE;
				GCC_WARN_UNUSED_FUNCTION = YES;
				GCC_WARN_UNUSED_VARIABLE = YES;
				IPHONEOS_DEPLOYMENT_TARGET = 15.4;
				MTL_ENABLE_DEBUG_INFO = NO;
				MTL_FAST_MATH = YES;
				SDKROOT = iphoneos;
				SWIFT_COMPILATION_MODE = wholemodule;
				SWIFT_OPTIMIZATION_LEVEL = "-O";
				VALIDATE_PRODUCT = YES;
			};
			name = Release;
		};
		589B22762812C7460082F8D6 /* Debug */ = {
			isa = XCBuildConfiguration;
			buildSettings = {
				ASSETCATALOG_COMPILER_APPICON_NAME = AppIcon;
				ASSETCATALOG_COMPILER_GLOBAL_ACCENT_COLOR_NAME = AccentColor;
				CODE_SIGN_STYLE = Automatic;
				CURRENT_PROJECT_VERSION = 1;
				DEVELOPMENT_ASSET_PATHS = "\"cleaningServicesApp/Preview Content\"";
				ENABLE_PREVIEWS = YES;
				GENERATE_INFOPLIST_FILE = YES;
				INFOPLIST_KEY_UIApplicationSceneManifest_Generation = YES;
				INFOPLIST_KEY_UIApplicationSupportsIndirectInputEvents = YES;
				INFOPLIST_KEY_UILaunchScreen_Generation = YES;
				INFOPLIST_KEY_UISupportedInterfaceOrientations_iPad = "UIInterfaceOrientationPortrait UIInterfaceOrientationPortraitUpsideDown UIInterfaceOrientationLandscapeLeft UIInterfaceOrientationLandscapeRight";
				INFOPLIST_KEY_UISupportedInterfaceOrientations_iPhone = "UIInterfaceOrientationPortrait UIInterfaceOrientationLandscapeLeft UIInterfaceOrientationLandscapeRight";
				LD_RUNPATH_SEARCH_PATHS = (
					"$(inherited)",
					"@executable_path/Frameworks",
				);
				MARKETING_VERSION = 1.0;
				PRODUCT_BUNDLE_IDENTIFIER = com.ertugrulberber.cleaningServicesApp;
				PRODUCT_NAME = "$(TARGET_NAME)";
				SWIFT_EMIT_LOC_STRINGS = YES;
				SWIFT_VERSION = 5.0;
				TARGETED_DEVICE_FAMILY = "1,2";
			};
			name = Debug;
		};
		589B22772812C7460082F8D6 /* Release */ = {
			isa = XCBuildConfiguration;
			buildSettings = {
				ASSETCATALOG_COMPILER_APPICON_NAME = AppIcon;
				ASSETCATALOG_COMPILER_GLOBAL_ACCENT_COLOR_NAME = AccentColor;
				CODE_SIGN_STYLE = Automatic;
				CURRENT_PROJECT_VERSION = 1;
				DEVELOPMENT_ASSET_PATHS = "\"cleaningServicesApp/Preview Content\"";
				ENABLE_PREVIEWS = YES;
				GENERATE_INFOPLIST_FILE = YES;
				INFOPLIST_KEY_UIApplicationSceneManifest_Generation = YES;
				INFOPLIST_KEY_UIApplicationSupportsIndirectInputEvents = YES;
				INFOPLIST_KEY_UILaunchScreen_Generation = YES;
				INFOPLIST_KEY_UISupportedInterfaceOrientations_iPad = "UIInterfaceOrientationPortrait UIInterfaceOrientationPortraitUpsideDown UIInterfaceOrientationLandscapeLeft UIInterfaceOrientationLandscapeRight";
				INFOPLIST_KEY_UISupportedInterfaceOrientations_iPhone = "UIInterfaceOrientationPortrait UIInterfaceOrientationLandscapeLeft UIInterfaceOrientationLandscapeRight";
				LD_RUNPATH_SEARCH_PATHS = (
					"$(inherited)",
					"@executable_path/Frameworks",
				);
				MARKETING_VERSION = 1.0;
				PRODUCT_BUNDLE_IDENTIFIER = com.ertugrulberber.cleaningServicesApp;
				PRODUCT_NAME = "$(TARGET_NAME)";
				SWIFT_EMIT_LOC_STRINGS = YES;
				SWIFT_VERSION = 5.0;
				TARGETED_DEVICE_FAMILY = "1,2";
			};
			name = Release;
		};
		589B22792812C7460082F8D6 /* Debug */ = {
			isa = XCBuildConfiguration;
			buildSettings = {
				ALWAYS_EMBED_SWIFT_STANDARD_LIBRARIES = YES;
				BUNDLE_LOADER = "$(TEST_HOST)";
				CODE_SIGN_STYLE = Automatic;
				CURRENT_PROJECT_VERSION = 1;
				GENERATE_INFOPLIST_FILE = YES;
				IPHONEOS_DEPLOYMENT_TARGET = 15.4;
				MARKETING_VERSION = 1.0;
				PRODUCT_BUNDLE_IDENTIFIER = com.ertugrulberber.cleaningServicesAppTests;
				PRODUCT_NAME = "$(TARGET_NAME)";
				SWIFT_EMIT_LOC_STRINGS = NO;
				SWIFT_VERSION = 5.0;
				TARGETED_DEVICE_FAMILY = "1,2";
				TEST_HOST = "$(BUILT_PRODUCTS_DIR)/cleaningServicesApp.app/cleaningServicesApp";
			};
			name = Debug;
		};
		589B227A2812C7460082F8D6 /* Release */ = {
			isa = XCBuildConfiguration;
			buildSettings = {
				ALWAYS_EMBED_SWIFT_STANDARD_LIBRARIES = YES;
				BUNDLE_LOADER = "$(TEST_HOST)";
				CODE_SIGN_STYLE = Automatic;
				CURRENT_PROJECT_VERSION = 1;
				GENERATE_INFOPLIST_FILE = YES;
				IPHONEOS_DEPLOYMENT_TARGET = 15.4;
				MARKETING_VERSION = 1.0;
				PRODUCT_BUNDLE_IDENTIFIER = com.ertugrulberber.cleaningServicesAppTests;
				PRODUCT_NAME = "$(TARGET_NAME)";
				SWIFT_EMIT_LOC_STRINGS = NO;
				SWIFT_VERSION = 5.0;
				TARGETED_DEVICE_FAMILY = "1,2";
				TEST_HOST = "$(BUILT_PRODUCTS_DIR)/cleaningServicesApp.app/cleaningServicesApp";
			};
			name = Release;
		};
		589B227C2812C7460082F8D6 /* Debug */ = {
			isa = XCBuildConfiguration;
			buildSettings = {
				ALWAYS_EMBED_SWIFT_STANDARD_LIBRARIES = YES;
				CODE_SIGN_STYLE = Automatic;
				CURRENT_PROJECT_VERSION = 1;
				GENERATE_INFOPLIST_FILE = YES;
				MARKETING_VERSION = 1.0;
				PRODUCT_BUNDLE_IDENTIFIER = com.ertugrulberber.cleaningServicesAppUITests;
				PRODUCT_NAME = "$(TARGET_NAME)";
				SWIFT_EMIT_LOC_STRINGS = NO;
				SWIFT_VERSION = 5.0;
				TARGETED_DEVICE_FAMILY = "1,2";
				TEST_TARGET_NAME = cleaningServicesApp;
			};
			name = Debug;
		};
		589B227D2812C7460082F8D6 /* Release */ = {
			isa = XCBuildConfiguration;
			buildSettings = {
				ALWAYS_EMBED_SWIFT_STANDARD_LIBRARIES = YES;
				CODE_SIGN_STYLE = Automatic;
				CURRENT_PROJECT_VERSION = 1;
				GENERATE_INFOPLIST_FILE = YES;
				MARKETING_VERSION = 1.0;
				PRODUCT_BUNDLE_IDENTIFIER = com.ertugrulberber.cleaningServicesAppUITests;
				PRODUCT_NAME = "$(TARGET_NAME)";
				SWIFT_EMIT_LOC_STRINGS = NO;
				SWIFT_VERSION = 5.0;
				TARGETED_DEVICE_FAMILY = "1,2";
				TEST_TARGET_NAME = cleaningServicesApp;
			};
			name = Release;
		};
/* End XCBuildConfiguration section */

/* Begin XCConfigurationList section */
		589B224C2812C7410082F8D6 /* Build configuration list for PBXProject "cleaningServicesApp" */ = {
			isa = XCConfigurationList;
			buildConfigurations = (
				589B22732812C7460082F8D6 /* Debug */,
				589B22742812C7460082F8D6 /* Release */,
			);
			defaultConfigurationIsVisible = 0;
			defaultConfigurationName = Release;
		};
		589B22752812C7460082F8D6 /* Build configuration list for PBXNativeTarget "cleaningServicesApp" */ = {
			isa = XCConfigurationList;
			buildConfigurations = (
				589B22762812C7460082F8D6 /* Debug */,
				589B22772812C7460082F8D6 /* Release */,
			);
			defaultConfigurationIsVisible = 0;
			defaultConfigurationName = Release;
		};
		589B22782812C7460082F8D6 /* Build configuration list for PBXNativeTarget "cleaningServicesAppTests" */ = {
			isa = XCConfigurationList;
			buildConfigurations = (
				589B22792812C7460082F8D6 /* Debug */,
				589B227A2812C7460082F8D6 /* Release */,
			);
			defaultConfigurationIsVisible = 0;
			defaultConfigurationName = Release;
		};
		589B227B2812C7460082F8D6 /* Build configuration list for PBXNativeTarget "cleaningServicesAppUITests" */ = {
			isa = XCConfigurationList;
			buildConfigurations = (
				589B227C2812C7460082F8D6 /* Debug */,
				589B227D2812C7460082F8D6 /* Release */,
			);
			defaultConfigurationIsVisible = 0;
			defaultConfigurationName = Release;
		};
/* End XCConfigurationList section */
	};
	rootObject = 589B22492812C7410082F8D6 /* Project object */;
}
